
Microsoft Visual Studio Solution File, Format Version 12.00
# Visual Studio Version 16
VisualStudioVersion = 16.0.31105.61
MinimumVisualStudioVersion = 10.0.40219.1
Project("{9A19103F-16F7-4668-BE54-9A1E7A4F7556}") = "Demo", "Demo\Demo.csproj", "{AAC6EEEE-E108-410E-99A1-A188AD2DAAD1}"
EndProject
Project("{FAE04EC0-301F-11D3-BF4B-00C04F79EFBC}") = "Domain", "Domain\Domain.csproj", "{1F703AEF-1AEA-4271-8751-FFD604488BF3}"
EndProject
Project("{FAE04EC0-301F-11D3-BF4B-00C04F79EFBC}") = "Service", "Service\Service.csproj", "{FB9034DD-DD2E-4CCA-B722-DAB215DD8A55}"
EndProject
Global
	GlobalSection(SolutionConfigurationPlatforms) = preSolution
		Debug|Any CPU = Debug|Any CPU
		Release|Any CPU = Release|Any CPU
	EndGlobalSection
	GlobalSection(ProjectConfigurationPlatforms) = postSolution
		{AAC6EEEE-E108-410E-99A1-A188AD2DAAD1}.Debug|Any CPU.ActiveCfg = Debug|Any CPU
		{AAC6EEEE-E108-410E-99A1-A188AD2DAAD1}.Debug|Any CPU.Build.0 = Debug|Any CPU
		{AAC6EEEE-E108-410E-99A1-A188AD2DAAD1}.Release|Any CPU.ActiveCfg = Release|Any CPU
		{AAC6EEEE-E108-410E-99A1-A188AD2DAAD1}.Release|Any CPU.Build.0 = Release|Any CPU
		{1F703AEF-1AEA-4271-8751-FFD604488BF3}.Debug|Any CPU.ActiveCfg = Debug|Any CPU
		{1F703AEF-1AEA-4271-8751-FFD604488BF3}.Debug|Any CPU.Build.0 = Debug|Any CPU
		{1F703AEF-1AEA-4271-8751-FFD604488BF3}.Release|Any CPU.ActiveCfg = Release|Any CPU
		{1F703AEF-1AEA-4271-8751-FFD604488BF3}.Release|Any CPU.Build.0 = Release|Any CPU
		{FB9034DD-DD2E-4CCA-B722-DAB215DD8A55}.Debug|Any CPU.ActiveCfg = Debug|Any CPU
		{FB9034DD-DD2E-4CCA-B722-DAB215DD8A55}.Debug|Any CPU.Build.0 = Debug|Any CPU
		{FB9034DD-DD2E-4CCA-B722-DAB215DD8A55}.Release|Any CPU.ActiveCfg = Release|Any CPU
		{FB9034DD-DD2E-4CCA-B722-DAB215DD8A55}.Release|Any CPU.Build.0 = Release|Any CPU
	EndGlobalSection
	GlobalSection(SolutionProperties) = preSolution
		HideSolutionNode = FALSE
	EndGlobalSection
	GlobalSection(ExtensibilityGlobals) = postSolution
		SolutionGuid = {6A794AD1-2208-4C25-84CE-73F406908410}
	EndGlobalSection
EndGlobal
